{
  "name": "@javed-ak/medium-common-app",
  "version": "1.0.0",
  "lockfileVersion": 3,
  "requires": true,
  "packages": {
    "": {
      "name": "@javed-ak/medium-common-app",
      "version": "1.0.0",
      "license": "ISC",
      "dependencies": {
        "zod": "^3.25.27"
      }
    },
    "node_modules/zod": {
      "version": "3.25.27",
      "resolved": "https://registry.npmjs.org/zod/-/zod-3.25.27.tgz",
      "integrity": "sha512-xkYsE+ztNLzBeoAG8Ipd2ICr86gyMpovQlB+Vid1LT7V16/Dj0z+Up1u1qxNX58cmJ/AtG2mvGw/7+jK48xEYw==",
      "license": "MIT",
      "funding": {
        "url": "https://github.com/sponsors/colinhacks"
      }
    }
  }
}
